
Microsoft Visual Studio Solution File, Format Version 12.00
# Visual Studio 15
VisualStudioVersion = 15.0.28307.329
MinimumVisualStudioVersion = 10.0.40219.1
Project("{FAE04EC0-301F-11D3-BF4B-00C04F79EFBC}") = "Crime Analyzer", "Crime Analyzer\Crime Analyzer.csproj", "{D3532BB0-8210-4D8C-A742-BF0238A4402C}"
EndProject
Global
	GlobalSection(SolutionConfigurationPlatforms) = preSolution
		Debug|Any CPU = Debug|Any CPU
		Release|Any CPU = Release|Any CPU
	EndGlobalSection
	GlobalSection(ProjectConfigurationPlatforms) = postSolution
		{D3532BB0-8210-4D8C-A742-BF0238A4402C}.Debug|Any CPU.ActiveCfg = Debug|Any CPU
		{D3532BB0-8210-4D8C-A742-BF0238A4402C}.Debug|Any CPU.Build.0 = Debug|Any CPU
		{D3532BB0-8210-4D8C-A742-BF0238A4402C}.Release|Any CPU.ActiveCfg = Release|Any CPU
		{D3532BB0-8210-4D8C-A742-BF0238A4402C}.Release|Any CPU.Build.0 = Release|Any CPU
	EndGlobalSection
	GlobalSection(SolutionProperties) = preSolution
		HideSolutionNode = FALSE
	EndGlobalSection
	GlobalSection(ExtensibilityGlobals) = postSolution
		SolutionGuid = {2C0D566F-D685-45B4-9725-242BE9D0AB8D}
	EndGlobalSection
EndGlobal
